
Microsoft Visual Studio Solution File, Format Version 12.00
# Visual Studio Version 16
VisualStudioVersion = 16.0.31025.194
MinimumVisualStudioVersion = 10.0.40219.1
Project("{FAE04EC0-301F-11D3-BF4B-00C04F79EFBC}") = "GameCard", "GameCard\GameCard.csproj", "{0657DBFE-B40C-45C0-A777-9873DAC1042B}"
EndProject
Global
	GlobalSection(SolutionConfigurationPlatforms) = preSolution
		Debug|Any CPU = Debug|Any CPU
		Release|Any CPU = Release|Any CPU
	EndGlobalSection
	GlobalSection(ProjectConfigurationPlatforms) = postSolution
		{0657DBFE-B40C-45C0-A777-9873DAC1042B}.Debug|Any CPU.ActiveCfg = Debug|Any CPU
		{0657DBFE-B40C-45C0-A777-9873DAC1042B}.Debug|Any CPU.Build.0 = Debug|Any CPU
		{0657DBFE-B40C-45C0-A777-9873DAC1042B}.Release|Any CPU.ActiveCfg = Release|Any CPU
		{0657DBFE-B40C-45C0-A777-9873DAC1042B}.Release|Any CPU.Build.0 = Release|Any CPU
	EndGlobalSection
	GlobalSection(SolutionProperties) = preSolution
		HideSolutionNode = FALSE
	EndGlobalSection
	GlobalSection(ExtensibilityGlobals) = postSolution
		SolutionGuid = {56FCCA3F-E3DD-45FF-B4D1-B8B83A5DCFFE}
	EndGlobalSection
EndGlobal
